Microsoft Visual Studio Solution File, Format Version 11.00
# Visual Studio 2008

Project("{92E5DF91-5552-34C9-FF11-EFB4A8E3CB8E}") = "finalproject-master", "Assembly-CSharp-firstpass.csproj", "{3A7A15B0-C822-912F-E286-B7B1E60D213A}"
EndProject
Project("{92E5DF91-5552-34C9-FF11-EFB4A8E3CB8E}") = "finalproject-master", "Assembly-CSharp.csproj", "{D22CDD39-DBE1-D5C9-58F0-31EAEA65AE45}"
EndProject
Project("{92E5DF91-5552-34C9-FF11-EFB4A8E3CB8E}") = "finalproject-master", "Assembly-CSharp-Editor.csproj", "{14EB09CF-DB7E-4AE6-FA51-7FAEACAC5AFA}"
EndProject
Global
	GlobalSection(SolutionConfigurationPlatforms) = preSolution
		Debug|Any CPU = Debug|Any CPU
		Release|Any CPU = Release|Any CPU
	EndGlobalSection
	GlobalSection(ProjectConfigurationPlatforms) = postSolution
		{3A7A15B0-C822-912F-E286-B7B1E60D213A}.Debug|Any CPU.ActiveCfg = Debug|Any CPU
		{3A7A15B0-C822-912F-E286-B7B1E60D213A}.Debug|Any CPU.Build.0 = Debug|Any CPU
		{3A7A15B0-C822-912F-E286-B7B1E60D213A}.Release|Any CPU.ActiveCfg = Release|Any CPU
		{3A7A15B0-C822-912F-E286-B7B1E60D213A}.Release|Any CPU.Build.0 = Release|Any CPU
		{D22CDD39-DBE1-D5C9-58F0-31EAEA65AE45}.Debug|Any CPU.ActiveCfg = Debug|Any CPU
		{D22CDD39-DBE1-D5C9-58F0-31EAEA65AE45}.Debug|Any CPU.Build.0 = Debug|Any CPU
		{D22CDD39-DBE1-D5C9-58F0-31EAEA65AE45}.Release|Any CPU.ActiveCfg = Release|Any CPU
		{D22CDD39-DBE1-D5C9-58F0-31EAEA65AE45}.Release|Any CPU.Build.0 = Release|Any CPU
		{14EB09CF-DB7E-4AE6-FA51-7FAEACAC5AFA}.Debug|Any CPU.ActiveCfg = Debug|Any CPU
		{14EB09CF-DB7E-4AE6-FA51-7FAEACAC5AFA}.Debug|Any CPU.Build.0 = Debug|Any CPU
		{14EB09CF-DB7E-4AE6-FA51-7FAEACAC5AFA}.Release|Any CPU.ActiveCfg = Release|Any CPU
		{14EB09CF-DB7E-4AE6-FA51-7FAEACAC5AFA}.Release|Any CPU.Build.0 = Release|Any CPU
	EndGlobalSection
	GlobalSection(SolutionProperties) = preSolution
		HideSolutionNode = FALSE
	EndGlobalSection
														GlobalSection(MonoDevelopProperties) = preSolution
		StartupItem = Assembly-CSharp.csproj
		Policies = $0
		$0.TextStylePolicy = $1
		$1.inheritsSet = null
		$1.scope = text/x-csharp
		$0.CSharpFormattingPolicy = $2
		$2.inheritsSet = Mono
		$2.inheritsScope = text/x-csharp
		$2.scope = text/x-csharp
		$0.TextStylePolicy = $3
		$3.FileWidth = 120
		$3.TabWidth = 4
		$3.IndentWidth = 4
		$3.EolMarker = Unix
		$3.inheritsSet = Mono
		$3.inheritsScope = text/plain
		$3.scope = text/plain
	EndGlobalSection

EndGlobal
