Microsoft Visual Studio Solution File, Format Version 11.00
# Visual Studio 2008

Project("{344F05F8-A5D5-02D3-249C-BDCAE0A2B565}") = "finalproject", "Assembly-CSharp-firstpass.csproj", "{EFCC6300-8831-6EF7-15AF-734037CCEA52}"
EndProject
Project("{344F05F8-A5D5-02D3-249C-BDCAE0A2B565}") = "finalproject", "Assembly-CSharp.csproj", "{ACE1C004-D947-15D3-F006-DEBDF5FDB721}"
EndProject
Project("{344F05F8-A5D5-02D3-249C-BDCAE0A2B565}") = "finalproject", "Assembly-CSharp-Editor.csproj", "{61208F6B-AD22-DA75-8C27-04A3820EB0D3}"
EndProject
Global
	GlobalSection(SolutionConfigurationPlatforms) = preSolution
		Debug|Any CPU = Debug|Any CPU
		Release|Any CPU = Release|Any CPU
	EndGlobalSection
	GlobalSection(ProjectConfigurationPlatforms) = postSolution
		{EFCC6300-8831-6EF7-15AF-734037CCEA52}.Debug|Any CPU.ActiveCfg = Debug|Any CPU
		{EFCC6300-8831-6EF7-15AF-734037CCEA52}.Debug|Any CPU.Build.0 = Debug|Any CPU
		{EFCC6300-8831-6EF7-15AF-734037CCEA52}.Release|Any CPU.ActiveCfg = Release|Any CPU
		{EFCC6300-8831-6EF7-15AF-734037CCEA52}.Release|Any CPU.Build.0 = Release|Any CPU
		{ACE1C004-D947-15D3-F006-DEBDF5FDB721}.Debug|Any CPU.ActiveCfg = Debug|Any CPU
		{ACE1C004-D947-15D3-F006-DEBDF5FDB721}.Debug|Any CPU.Build.0 = Debug|Any CPU
		{ACE1C004-D947-15D3-F006-DEBDF5FDB721}.Release|Any CPU.ActiveCfg = Release|Any CPU
		{ACE1C004-D947-15D3-F006-DEBDF5FDB721}.Release|Any CPU.Build.0 = Release|Any CPU
		{61208F6B-AD22-DA75-8C27-04A3820EB0D3}.Debug|Any CPU.ActiveCfg = Debug|Any CPU
		{61208F6B-AD22-DA75-8C27-04A3820EB0D3}.Debug|Any CPU.Build.0 = Debug|Any CPU
		{61208F6B-AD22-DA75-8C27-04A3820EB0D3}.Release|Any CPU.ActiveCfg = Release|Any CPU
		{61208F6B-AD22-DA75-8C27-04A3820EB0D3}.Release|Any CPU.Build.0 = Release|Any CPU
	EndGlobalSection
	GlobalSection(SolutionProperties) = preSolution
		HideSolutionNode = FALSE
	EndGlobalSection
																																																																																																																														GlobalSection(MonoDevelopProperties) = preSolution
=======
<<<<<<< HEAD
																																																																																																												GlobalSection(MonoDevelopProperties) = preSolution
=======
																																																																																																																					GlobalSection(MonoDevelopProperties) = preSolution
>>>>>>> origin/master
>>>>>>> origin/master
=======
																																																																																													GlobalSection(MonoDevelopProperties) = preSolution
>>>>>>> f051301499c54f5d17c8f48bab67d62ac271b96f
		StartupItem = Assembly-CSharp.csproj
		Policies = $0
		$0.TextStylePolicy = $1
		$1.inheritsSet = null
		$1.scope = text/x-csharp
		$0.CSharpFormattingPolicy = $2
		$2.inheritsSet = Mono
		$2.inheritsScope = text/x-csharp
		$2.scope = text/x-csharp
		$0.TextStylePolicy = $3
		$3.FileWidth = 120
		$3.TabWidth = 4
		$3.IndentWidth = 4
		$3.EolMarker = Unix
		$3.inheritsSet = Mono
		$3.inheritsScope = text/plain
		$3.scope = text/plain
	EndGlobalSection

EndGlobal
